
Microsoft Visual Studio Solution File, Format Version 12.00
# Visual Studio Version 17
VisualStudioVersion = 17.4.33110.190
MinimumVisualStudioVersion = 10.0.40219.1
Project("{FAE04EC0-301F-11D3-BF4B-00C04F79EFBC}") = "iSchoolWebApp", "iSchoolWebApp\iSchoolWebApp.csproj", "{F6F4386C-5987-4A9A-9A87-69E5707DD2EB}"
EndProject
Global
	GlobalSection(SolutionConfigurationPlatforms) = preSolution
		Debug|Any CPU = Debug|Any CPU
		Release|Any CPU = Release|Any CPU
	EndGlobalSection
	GlobalSection(ProjectConfigurationPlatforms) = postSolution
		{F6F4386C-5987-4A9A-9A87-69E5707DD2EB}.Debug|Any CPU.ActiveCfg = Debug|Any CPU
		{F6F4386C-5987-4A9A-9A87-69E5707DD2EB}.Debug|Any CPU.Build.0 = Debug|Any CPU
		{F6F4386C-5987-4A9A-9A87-69E5707DD2EB}.Release|Any CPU.ActiveCfg = Release|Any CPU
		{F6F4386C-5987-4A9A-9A87-69E5707DD2EB}.Release|Any CPU.Build.0 = Release|Any CPU
	EndGlobalSection
	GlobalSection(SolutionProperties) = preSolution
		HideSolutionNode = FALSE
	EndGlobalSection
	GlobalSection(ExtensibilityGlobals) = postSolution
		SolutionGuid = {6A23185A-268C-4806-8097-983CBD689CB4}
	EndGlobalSection
EndGlobal
